<?xml version="1.0" encoding="utf-8"?>
<Project ToolsVersion="4.0" xmlns="http://schemas.microsoft.com/developer/msbuild/2003">
  <ItemGroup>
    <Filter Include="Source Files">
      <UniqueIdentifier>{4FC737F1-C7A5-4376-A066-2A32D752A2FF}</UniqueIdentifier>
      <Extensions>cpp;c;cc;cxx;c++;cppm;ixx;def;odl;idl;hpj;bat;asm;asmx</Extensions>
    </Filter>
    <Filter Include="Header Files">
      <UniqueIdentifier>{93995380-89BD-4b04-88EB-625FBE52EBFB}</UniqueIdentifier>
      <Extensions>h;hh;hpp;hxx;h++;hm;inl;inc;ipp;xsd</Extensions>
    </Filter>
    <Filter Include="Resource Files">
      <UniqueIdentifier>{67DA6AB6-F800-4c08-8B7A-83BB121AAD01}</UniqueIdentifier>
      <Extensions>rc;ico;cur;bmp;dlg;rc2;rct;bin;rgs;gif;jpg;jpeg;jpe;resx;tiff;tif;png;wav;mfcribbon-ms</Extensions>
    </Filter>
  </ItemGroup>
  <ItemGroup>
    <ClCompile Include="..\AmyRoseFiles\cs_2_2\unilib.cpp">
      <Filter>Source Files</Filter>
    </ClCompile>
    <ClCompile Include="..\AmyRoseFiles\cs_2_2\UserList.cpp">
      <Filter>Source Files</Filter>
    </ClCompile>
    <ClCompile Include="..\AmyRoseFiles\cs_2_2\Loan.cpp">
      <Filter>Source Files</Filter>
    </ClCompile>
    <ClCompile Include="..\AmyRoseFiles\cs_2_2\Person.cpp">
      <Filter>Source Files</Filter>
    </ClCompile>
    <ClCompile Include="..\AmyRoseFiles\cs_2_2\Resource.cpp">
      <Filter>Source Files</Filter>
    </ClCompile>
    <ClCompile Include="..\AmyRoseFiles\cs_2_2\ResourceList.cpp">
      <Filter>Source Files</Filter>
    </ClCompile>
  </ItemGroup>
  <ItemGroup>
    <Text Include="..\AmyRoseFiles\cs_2_2\A2ResourceList.txt" />
    <Text Include="..\AmyRoseFiles\cs_2_2\A2UserList.txt" />
    <Text Include="..\AmyRoseFiles\cs_2_2\readme.txt" />
  </ItemGroup>
  <ItemGroup>
    <ClInclude Include="..\AmyRoseFiles\cs_2_2\Loan.h">
      <Filter>Header Files</Filter>
    </ClInclude>
    <ClInclude Include="..\AmyRoseFiles\cs_2_2\Person.h">
      <Filter>Header Files</Filter>
    </ClInclude>
    <ClInclude Include="..\AmyRoseFiles\cs_2_2\Resource.h">
      <Filter>Header Files</Filter>
    </ClInclude>
    <ClInclude Include="..\AmyRoseFiles\cs_2_2\ResourceList.h">
      <Filter>Header Files</Filter>
    </ClInclude>
    <ClInclude Include="..\AmyRoseFiles\cs_2_2\UserList.h">
      <Filter>Header Files</Filter>
    </ClInclude>
  </ItemGroup>
</Project>